# This file is automatically @generated by Cargo.
# It is not intended for manual editing.
version = 3

[[package]]
name = "alloc-no-stdlib"
version = "2.0.1"
source = "registry+https://github.com/rust-lang/crates.io-index"
checksum = "5192ec435945d87bc2f70992b4d818154b5feede43c09fb7592146374eac90a6"

[[package]]
name = "alloc-stdlib"
version = "0.2.1"
source = "registry+https://github.com/rust-lang/crates.io-index"
checksum = "697ed7edc0f1711de49ce108c541623a0af97c6c60b2f6e2b65229847ac843c2"
dependencies = [
 "alloc-no-stdlib",
]

[[package]]
name = "brotli"
version = "3.3.4"
source = "registry+https://github.com/rust-lang/crates.io-index"
checksum = "a1a0b1dbcc8ae29329621f8d4f0d835787c1c38bb1401979b49d13b0b305ff68"
dependencies = [
 "alloc-no-stdlib",
 "alloc-stdlib",
 "brotli-decompressor",
]

[[package]]
name = "brotli-decompressor"
version = "2.3.1"
source = "registry+https://github.com/rust-lang/crates.io-index"
checksum = "1052e1c3b8d4d80eb84a8b94f0a1498797b5fb96314c001156a1c761940ef4ec"
dependencies = [
 "alloc-no-stdlib",
 "alloc-stdlib",
]

[[package]]
name = "bumpalo"
version = "3.4.0"
source = "registry+https://github.com/rust-lang/crates.io-index"
checksum = "2e8c087f005730276d1096a652e92a8bacee2e2472bcc9715a74d2bec38b5820"

[[package]]
name = "cfg-if"
version = "0.1.10"
source = "registry+https://github.com/rust-lang/crates.io-index"
checksum = "4785bdd1c96b2a846b2bd7cc02e86b6b3dbf14e7e53446c4f54c92a361040822"

[[package]]
name = "cfg-if"
version = "1.0.0"
source = "registry+https://github.com/rust-lang/crates.io-index"
checksum = "baf1de4339761588bc0619e3cbc0120ee582ebb74b53b4efbf79117bd2da40fd"

[[package]]
name = "deno_brotli"
version = "0.1.5"
dependencies = [
 "brotli",
 "wasm-bindgen",
]

[[package]]
name = "log"
version = "0.4.8"
source = "registry+https://github.com/rust-lang/crates.io-index"
checksum = "14b6052be84e6b71ab17edffc2eeabf5c2c3ae1fdb464aae35ac50c67a44e1f7"
dependencies = [
 "cfg-if 0.1.10",
]

[[package]]
name = "once_cell"
version = "1.15.0"
source = "registry+https://github.com/rust-lang/crates.io-index"
checksum = "e82dad04139b71a90c080c8463fe0dc7902db5192d939bd0950f074d014339e1"

[[package]]
name = "proc-macro2"
version = "1.0.46"
source = "registry+https://github.com/rust-lang/crates.io-index"
checksum = "94e2ef8dbfc347b10c094890f778ee2e36ca9bb4262e86dc99cd217e35f3470b"
dependencies = [
 "unicode-ident",
]

[[package]]
name = "quote"
version = "1.0.7"
source = "registry+https://github.com/rust-lang/crates.io-index"
checksum = "aa563d17ecb180e500da1cfd2b028310ac758de548efdd203e18f283af693f37"
dependencies = [
 "proc-macro2",
]

[[package]]
name = "syn"
version = "1.0.102"
source = "registry+https://github.com/rust-lang/crates.io-index"
checksum = "3fcd952facd492f9be3ef0d0b7032a6e442ee9b361d4acc2b1d0c4aaa5f613a1"
dependencies = [
 "proc-macro2",
 "quote",
 "unicode-ident",
]

[[package]]
name = "unicode-ident"
version = "1.0.5"
source = "registry+https://github.com/rust-lang/crates.io-index"
checksum = "6ceab39d59e4c9499d4e5a8ee0e2735b891bb7308ac83dfb4e80cad195c9f6f3"

[[package]]
name = "wasm-bindgen"
version = "0.2.83"
source = "registry+https://github.com/rust-lang/crates.io-index"
checksum = "eaf9f5aceeec8be17c128b2e93e031fb8a4d469bb9c4ae2d7dc1888b26887268"
dependencies = [
 "cfg-if 1.0.0",
 "wasm-bindgen-macro",
]

[[package]]
name = "wasm-bindgen-backend"
version = "0.2.83"
source = "registry+https://github.com/rust-lang/crates.io-index"
checksum = "4c8ffb332579b0557b52d268b91feab8df3615f265d5270fec2a8c95b17c1142"
dependencies = [
 "bumpalo",
 "log",
 "once_cell",
 "proc-macro2",
 "quote",
 "syn",
 "wasm-bindgen-shared",
]

[[package]]
name = "wasm-bindgen-macro"
version = "0.2.83"
source = "registry+https://github.com/rust-lang/crates.io-index"
checksum = "052be0f94026e6cbc75cdefc9bae13fd6052cdcaf532fa6c45e7ae33a1e6c810"
dependencies = [
 "quote",
 "wasm-bindgen-macro-support",
]

[[package]]
name = "wasm-bindgen-macro-support"
version = "0.2.83"
source = "registry+https://github.com/rust-lang/crates.io-index"
checksum = "07bc0c051dc5f23e307b13285f9d75df86bfdf816c5721e573dec1f9b8aa193c"
dependencies = [
 "proc-macro2",
 "quote",
 "syn",
 "wasm-bindgen-backend",
 "wasm-bindgen-shared",
]

[[package]]
name = "wasm-bindgen-shared"
version = "0.2.83"
source = "registry+https://github.com/rust-lang/crates.io-index"
checksum = "1c38c045535d93ec4f0b4defec448e4291638ee608530863b1e2ba115d4fff7f"
